Microsoft Visual Studio Solution File, Format Version 12.00
# Visual Studio Version 16
VisualStudioVersion = 16.0.0.0
MinimumVisualStudioVersion = 16.0.0.0
Project("{9A19103F-16F7-4668-BE54-9A1E7A4F7556}") = "Otm.Server", "Server\Otm.Server.csproj", "{F539905E-99FA-453B-A241-A3D79F62A80F}"
EndProject
Project("{9A19103F-16F7-4668-BE54-9A1E7A4F7556}") = "Otm.Client", "Client\Otm.Client.csproj", "{FA10070A-0149-41B8-9131-98AAD4982678}"
EndProject
Project("{9A19103F-16F7-4668-BE54-9A1E7A4F7556}") = "Otm.Shared", "Shared\Otm.Shared.csproj", "{E267C37F-5BD1-4485-A686-435BE8B37F6C}"
EndProject
Global
	GlobalSection(SolutionConfigurationPlatforms) = preSolution
		Debug|Any CPU = Debug|Any CPU
		Debug|x64 = Debug|x64
		Debug|x86 = Debug|x86
		Release|Any CPU = Release|Any CPU
		Release|x64 = Release|x64
		Release|x86 = Release|x86
	EndGlobalSection
	GlobalSection(ProjectConfigurationPlatforms) = postSolution
		{F539905E-99FA-453B-A241-A3D79F62A80F}.Debug|Any CPU.ActiveCfg = Debug|Any CPU
		{F539905E-99FA-453B-A241-A3D79F62A80F}.Debug|Any CPU.Build.0 = Debug|Any CPU
		{F539905E-99FA-453B-A241-A3D79F62A80F}.Debug|x64.ActiveCfg = Debug|Any CPU
		{F539905E-99FA-453B-A241-A3D79F62A80F}.Debug|x64.Build.0 = Debug|Any CPU
		{F539905E-99FA-453B-A241-A3D79F62A80F}.Debug|x86.ActiveCfg = Debug|Any CPU
		{F539905E-99FA-453B-A241-A3D79F62A80F}.Debug|x86.Build.0 = Debug|Any CPU
		{F539905E-99FA-453B-A241-A3D79F62A80F}.Release|Any CPU.ActiveCfg = Release|Any CPU
		{F539905E-99FA-453B-A241-A3D79F62A80F}.Release|Any CPU.Build.0 = Release|Any CPU
		{F539905E-99FA-453B-A241-A3D79F62A80F}.Release|x64.ActiveCfg = Release|Any CPU
		{F539905E-99FA-453B-A241-A3D79F62A80F}.Release|x64.Build.0 = Release|Any CPU
		{F539905E-99FA-453B-A241-A3D79F62A80F}.Release|x86.ActiveCfg = Release|Any CPU
		{F539905E-99FA-453B-A241-A3D79F62A80F}.Release|x86.Build.0 = Release|Any CPU
		{FA10070A-0149-41B8-9131-98AAD4982678}.Debug|Any CPU.ActiveCfg = Debug|Any CPU
		{FA10070A-0149-41B8-9131-98AAD4982678}.Debug|Any CPU.Build.0 = Debug|Any CPU
		{FA10070A-0149-41B8-9131-98AAD4982678}.Debug|x64.ActiveCfg = Debug|Any CPU
		{FA10070A-0149-41B8-9131-98AAD4982678}.Debug|x64.Build.0 = Debug|Any CPU
		{FA10070A-0149-41B8-9131-98AAD4982678}.Debug|x86.ActiveCfg = Debug|Any CPU
		{FA10070A-0149-41B8-9131-98AAD4982678}.Debug|x86.Build.0 = Debug|Any CPU
		{FA10070A-0149-41B8-9131-98AAD4982678}.Release|Any CPU.ActiveCfg = Release|Any CPU
		{FA10070A-0149-41B8-9131-98AAD4982678}.Release|Any CPU.Build.0 = Release|Any CPU
		{FA10070A-0149-41B8-9131-98AAD4982678}.Release|x64.ActiveCfg = Release|Any CPU
		{FA10070A-0149-41B8-9131-98AAD4982678}.Release|x64.Build.0 = Release|Any CPU
		{FA10070A-0149-41B8-9131-98AAD4982678}.Release|x86.ActiveCfg = Release|Any CPU
		{FA10070A-0149-41B8-9131-98AAD4982678}.Release|x86.Build.0 = Release|Any CPU
		{E267C37F-5BD1-4485-A686-435BE8B37F6C}.Debug|Any CPU.ActiveCfg = Debug|Any CPU
		{E267C37F-5BD1-4485-A686-435BE8B37F6C}.Debug|Any CPU.Build.0 = Debug|Any CPU
		{E267C37F-5BD1-4485-A686-435BE8B37F6C}.Debug|x64.ActiveCfg = Debug|Any CPU
		{E267C37F-5BD1-4485-A686-435BE8B37F6C}.Debug|x64.Build.0 = Debug|Any CPU
		{E267C37F-5BD1-4485-A686-435BE8B37F6C}.Debug|x86.ActiveCfg = Debug|Any CPU
		{E267C37F-5BD1-4485-A686-435BE8B37F6C}.Debug|x86.Build.0 = Debug|Any CPU
		{E267C37F-5BD1-4485-A686-435BE8B37F6C}.Release|Any CPU.ActiveCfg = Release|Any CPU
		{E267C37F-5BD1-4485-A686-435BE8B37F6C}.Release|Any CPU.Build.0 = Release|Any CPU
		{E267C37F-5BD1-4485-A686-435BE8B37F6C}.Release|x64.ActiveCfg = Release|Any CPU
		{E267C37F-5BD1-4485-A686-435BE8B37F6C}.Release|x64.Build.0 = Release|Any CPU
		{E267C37F-5BD1-4485-A686-435BE8B37F6C}.Release|x86.ActiveCfg = Release|Any CPU
		{E267C37F-5BD1-4485-A686-435BE8B37F6C}.Release|x86.Build.0 = Release|Any CPU
	EndGlobalSection
	GlobalSection(SolutionProperties) = preSolution
		HideSolutionNode = FALSE
	EndGlobalSection
	GlobalSection(ExtensibilityGlobals) = postSolution
		SolutionGuid = {592EF3CF-347B-4C99-9C7B-227310B39484}
	EndGlobalSection
EndGlobal
