Microsoft Visual Studio Solution File, Format Version 12.00
# Visual Studio Version 16
VisualStudioVersion = 16.0.0.0
MinimumVisualStudioVersion = 16.0.0.0
Project("{9A19103F-16F7-4668-BE54-9A1E7A4F7556}") = "Otm.Server", "Server\Otm.Server.csproj", "{A9E3E38D-8955-4935-B1B3-D30B66917B5B}"
EndProject
Project("{9A19103F-16F7-4668-BE54-9A1E7A4F7556}") = "Otm.Client", "Client\Otm.Client.csproj", "{16D65B8C-C12F-4CEC-BE7F-FE3765C1FCF0}"
	ProjectSection(ProjectDependencies) = postProject
		{CC2634D5-73A0-4B9D-9833-7BFDBEF9CA7F} = {CC2634D5-73A0-4B9D-9833-7BFDBEF9CA7F}
	EndProjectSection
EndProject
Project("{9A19103F-16F7-4668-BE54-9A1E7A4F7556}") = "Otm.Shared", "Shared\Otm.Shared.csproj", "{13241B4B-3967-4B08-A4B6-695FE4F7E0D5}"
EndProject
Project("{9A19103F-16F7-4668-BE54-9A1E7A4F7556}") = "Otm.Client.Api", "Client.Api\Otm.Client.Api.csproj", "{CC2634D5-73A0-4B9D-9833-7BFDBEF9CA7F}"
EndProject
Project("{9A19103F-16F7-4668-BE54-9A1E7A4F7556}") = "Otm.Tests", "Tests\Otm.Tests.csproj", "{10106DA4-1F97-451C-93C0-DFAFBBFE6BE9}"
EndProject
Project("{2150E333-8FDC-42A3-9474-1A3956D46DE8}") = "Otm.Plugins", "Otm.Plugins", "{CC25428A-4D74-4E02-B841-53D7F7472506}"
EndProject
Project("{2150E333-8FDC-42A3-9474-1A3956D46DE8}") = "Devices", "Devices", "{BB74E86D-A16B-409B-A857-0385EF34251E}"
EndProject
Project("{2150E333-8FDC-42A3-9474-1A3956D46DE8}") = "DataPoint", "DataPoint", "{C14D43C4-92D7-4F70-AFF8-9B7922988AD2}"
EndProject
Project("{9A19103F-16F7-4668-BE54-9A1E7A4F7556}") = "Otm.Plugins.Devices.RaiaMrcPTLv1", "Plugins\Devices\Otm.Plugins.Devices.RaiaMrcPTL\Otm.Plugins.Devices.RaiaMrcPTLv1.csproj", "{C81D0E46-3C8A-4A80-8D62-E1CB3107C748}"
EndProject
Project("{9A19103F-16F7-4668-BE54-9A1E7A4F7556}") = "Otm.Plugins.Devices.RaiaMrcPTLv1.Tests", "Plugins\Devices\Otm.Plugins.Devices.RaiaMrcPTL.Tests\Otm.Plugins.Devices.RaiaMrcPTLv1.Tests.csproj", "{FC29FA0D-D120-4534-84BC-EB99497B8B52}"
EndProject
Global
	GlobalSection(SolutionConfigurationPlatforms) = preSolution
		Debug|Any CPU = Debug|Any CPU
		Debug|x64 = Debug|x64
		Debug|x86 = Debug|x86
		Release|Any CPU = Release|Any CPU
		Release|x64 = Release|x64
		Release|x86 = Release|x86
	EndGlobalSection
	GlobalSection(ProjectConfigurationPlatforms) = postSolution
		{A9E3E38D-8955-4935-B1B3-D30B66917B5B}.Debug|Any CPU.ActiveCfg = Debug|Any CPU
		{A9E3E38D-8955-4935-B1B3-D30B66917B5B}.Debug|Any CPU.Build.0 = Debug|Any CPU
		{A9E3E38D-8955-4935-B1B3-D30B66917B5B}.Debug|x64.ActiveCfg = Debug|Any CPU
		{A9E3E38D-8955-4935-B1B3-D30B66917B5B}.Debug|x64.Build.0 = Debug|Any CPU
		{A9E3E38D-8955-4935-B1B3-D30B66917B5B}.Debug|x86.ActiveCfg = Debug|Any CPU
		{A9E3E38D-8955-4935-B1B3-D30B66917B5B}.Debug|x86.Build.0 = Debug|Any CPU
		{A9E3E38D-8955-4935-B1B3-D30B66917B5B}.Release|Any CPU.ActiveCfg = Release|Any CPU
		{A9E3E38D-8955-4935-B1B3-D30B66917B5B}.Release|Any CPU.Build.0 = Release|Any CPU
		{A9E3E38D-8955-4935-B1B3-D30B66917B5B}.Release|x64.ActiveCfg = Release|Any CPU
		{A9E3E38D-8955-4935-B1B3-D30B66917B5B}.Release|x64.Build.0 = Release|Any CPU
		{A9E3E38D-8955-4935-B1B3-D30B66917B5B}.Release|x86.ActiveCfg = Release|Any CPU
		{A9E3E38D-8955-4935-B1B3-D30B66917B5B}.Release|x86.Build.0 = Release|Any CPU
		{16D65B8C-C12F-4CEC-BE7F-FE3765C1FCF0}.Debug|Any CPU.ActiveCfg = Debug|Any CPU
		{16D65B8C-C12F-4CEC-BE7F-FE3765C1FCF0}.Debug|Any CPU.Build.0 = Debug|Any CPU
		{16D65B8C-C12F-4CEC-BE7F-FE3765C1FCF0}.Debug|x64.ActiveCfg = Debug|Any CPU
		{16D65B8C-C12F-4CEC-BE7F-FE3765C1FCF0}.Debug|x64.Build.0 = Debug|Any CPU
		{16D65B8C-C12F-4CEC-BE7F-FE3765C1FCF0}.Debug|x86.ActiveCfg = Debug|Any CPU
		{16D65B8C-C12F-4CEC-BE7F-FE3765C1FCF0}.Debug|x86.Build.0 = Debug|Any CPU
		{16D65B8C-C12F-4CEC-BE7F-FE3765C1FCF0}.Release|Any CPU.ActiveCfg = Release|Any CPU
		{16D65B8C-C12F-4CEC-BE7F-FE3765C1FCF0}.Release|Any CPU.Build.0 = Release|Any CPU
		{16D65B8C-C12F-4CEC-BE7F-FE3765C1FCF0}.Release|x64.ActiveCfg = Release|Any CPU
		{16D65B8C-C12F-4CEC-BE7F-FE3765C1FCF0}.Release|x64.Build.0 = Release|Any CPU
		{16D65B8C-C12F-4CEC-BE7F-FE3765C1FCF0}.Release|x86.ActiveCfg = Release|Any CPU
		{16D65B8C-C12F-4CEC-BE7F-FE3765C1FCF0}.Release|x86.Build.0 = Release|Any CPU
		{13241B4B-3967-4B08-A4B6-695FE4F7E0D5}.Debug|Any CPU.ActiveCfg = Debug|Any CPU
		{13241B4B-3967-4B08-A4B6-695FE4F7E0D5}.Debug|Any CPU.Build.0 = Debug|Any CPU
		{13241B4B-3967-4B08-A4B6-695FE4F7E0D5}.Debug|x64.ActiveCfg = Debug|Any CPU
		{13241B4B-3967-4B08-A4B6-695FE4F7E0D5}.Debug|x64.Build.0 = Debug|Any CPU
		{13241B4B-3967-4B08-A4B6-695FE4F7E0D5}.Debug|x86.ActiveCfg = Debug|Any CPU
		{13241B4B-3967-4B08-A4B6-695FE4F7E0D5}.Debug|x86.Build.0 = Debug|Any CPU
		{13241B4B-3967-4B08-A4B6-695FE4F7E0D5}.Release|Any CPU.ActiveCfg = Release|Any CPU
		{13241B4B-3967-4B08-A4B6-695FE4F7E0D5}.Release|Any CPU.Build.0 = Release|Any CPU
		{13241B4B-3967-4B08-A4B6-695FE4F7E0D5}.Release|x64.ActiveCfg = Release|Any CPU
		{13241B4B-3967-4B08-A4B6-695FE4F7E0D5}.Release|x64.Build.0 = Release|Any CPU
		{13241B4B-3967-4B08-A4B6-695FE4F7E0D5}.Release|x86.ActiveCfg = Release|Any CPU
		{13241B4B-3967-4B08-A4B6-695FE4F7E0D5}.Release|x86.Build.0 = Release|Any CPU
		{CC2634D5-73A0-4B9D-9833-7BFDBEF9CA7F}.Debug|Any CPU.ActiveCfg = Debug|Any CPU
		{CC2634D5-73A0-4B9D-9833-7BFDBEF9CA7F}.Debug|Any CPU.Build.0 = Debug|Any CPU
		{CC2634D5-73A0-4B9D-9833-7BFDBEF9CA7F}.Debug|x64.ActiveCfg = Debug|Any CPU
		{CC2634D5-73A0-4B9D-9833-7BFDBEF9CA7F}.Debug|x64.Build.0 = Debug|Any CPU
		{CC2634D5-73A0-4B9D-9833-7BFDBEF9CA7F}.Debug|x86.ActiveCfg = Debug|Any CPU
		{CC2634D5-73A0-4B9D-9833-7BFDBEF9CA7F}.Debug|x86.Build.0 = Debug|Any CPU
		{CC2634D5-73A0-4B9D-9833-7BFDBEF9CA7F}.Release|Any CPU.ActiveCfg = Release|Any CPU
		{CC2634D5-73A0-4B9D-9833-7BFDBEF9CA7F}.Release|Any CPU.Build.0 = Release|Any CPU
		{CC2634D5-73A0-4B9D-9833-7BFDBEF9CA7F}.Release|x64.ActiveCfg = Release|Any CPU
		{CC2634D5-73A0-4B9D-9833-7BFDBEF9CA7F}.Release|x64.Build.0 = Release|Any CPU
		{CC2634D5-73A0-4B9D-9833-7BFDBEF9CA7F}.Release|x86.ActiveCfg = Release|Any CPU
		{CC2634D5-73A0-4B9D-9833-7BFDBEF9CA7F}.Release|x86.Build.0 = Release|Any CPU
		{10106DA4-1F97-451C-93C0-DFAFBBFE6BE9}.Debug|Any CPU.ActiveCfg = Debug|Any CPU
		{10106DA4-1F97-451C-93C0-DFAFBBFE6BE9}.Debug|Any CPU.Build.0 = Debug|Any CPU
		{10106DA4-1F97-451C-93C0-DFAFBBFE6BE9}.Debug|x64.ActiveCfg = Debug|Any CPU
		{10106DA4-1F97-451C-93C0-DFAFBBFE6BE9}.Debug|x64.Build.0 = Debug|Any CPU
		{10106DA4-1F97-451C-93C0-DFAFBBFE6BE9}.Debug|x86.ActiveCfg = Debug|Any CPU
		{10106DA4-1F97-451C-93C0-DFAFBBFE6BE9}.Debug|x86.Build.0 = Debug|Any CPU
		{10106DA4-1F97-451C-93C0-DFAFBBFE6BE9}.Release|Any CPU.ActiveCfg = Release|Any CPU
		{10106DA4-1F97-451C-93C0-DFAFBBFE6BE9}.Release|Any CPU.Build.0 = Release|Any CPU
		{10106DA4-1F97-451C-93C0-DFAFBBFE6BE9}.Release|x64.ActiveCfg = Release|Any CPU
		{10106DA4-1F97-451C-93C0-DFAFBBFE6BE9}.Release|x64.Build.0 = Release|Any CPU
		{10106DA4-1F97-451C-93C0-DFAFBBFE6BE9}.Release|x86.ActiveCfg = Release|Any CPU
		{10106DA4-1F97-451C-93C0-DFAFBBFE6BE9}.Release|x86.Build.0 = Release|Any CPU
		{C81D0E46-3C8A-4A80-8D62-E1CB3107C748}.Debug|Any CPU.ActiveCfg = Debug|Any CPU
		{C81D0E46-3C8A-4A80-8D62-E1CB3107C748}.Debug|Any CPU.Build.0 = Debug|Any CPU
		{C81D0E46-3C8A-4A80-8D62-E1CB3107C748}.Debug|x64.ActiveCfg = Debug|Any CPU
		{C81D0E46-3C8A-4A80-8D62-E1CB3107C748}.Debug|x64.Build.0 = Debug|Any CPU
		{C81D0E46-3C8A-4A80-8D62-E1CB3107C748}.Debug|x86.ActiveCfg = Debug|Any CPU
		{C81D0E46-3C8A-4A80-8D62-E1CB3107C748}.Debug|x86.Build.0 = Debug|Any CPU
		{C81D0E46-3C8A-4A80-8D62-E1CB3107C748}.Release|Any CPU.ActiveCfg = Release|Any CPU
		{C81D0E46-3C8A-4A80-8D62-E1CB3107C748}.Release|Any CPU.Build.0 = Release|Any CPU
		{C81D0E46-3C8A-4A80-8D62-E1CB3107C748}.Release|x64.ActiveCfg = Release|Any CPU
		{C81D0E46-3C8A-4A80-8D62-E1CB3107C748}.Release|x64.Build.0 = Release|Any CPU
		{C81D0E46-3C8A-4A80-8D62-E1CB3107C748}.Release|x86.ActiveCfg = Release|Any CPU
		{C81D0E46-3C8A-4A80-8D62-E1CB3107C748}.Release|x86.Build.0 = Release|Any CPU
		{FC29FA0D-D120-4534-84BC-EB99497B8B52}.Debug|Any CPU.ActiveCfg = Debug|Any CPU
		{FC29FA0D-D120-4534-84BC-EB99497B8B52}.Debug|Any CPU.Build.0 = Debug|Any CPU
		{FC29FA0D-D120-4534-84BC-EB99497B8B52}.Debug|x64.ActiveCfg = Debug|Any CPU
		{FC29FA0D-D120-4534-84BC-EB99497B8B52}.Debug|x64.Build.0 = Debug|Any CPU
		{FC29FA0D-D120-4534-84BC-EB99497B8B52}.Debug|x86.ActiveCfg = Debug|Any CPU
		{FC29FA0D-D120-4534-84BC-EB99497B8B52}.Debug|x86.Build.0 = Debug|Any CPU
		{FC29FA0D-D120-4534-84BC-EB99497B8B52}.Release|Any CPU.ActiveCfg = Release|Any CPU
		{FC29FA0D-D120-4534-84BC-EB99497B8B52}.Release|Any CPU.Build.0 = Release|Any CPU
		{FC29FA0D-D120-4534-84BC-EB99497B8B52}.Release|x64.ActiveCfg = Release|Any CPU
		{FC29FA0D-D120-4534-84BC-EB99497B8B52}.Release|x64.Build.0 = Release|Any CPU
		{FC29FA0D-D120-4534-84BC-EB99497B8B52}.Release|x86.ActiveCfg = Release|Any CPU
		{FC29FA0D-D120-4534-84BC-EB99497B8B52}.Release|x86.Build.0 = Release|Any CPU
	EndGlobalSection
	GlobalSection(SolutionProperties) = preSolution
		HideSolutionNode = FALSE
	EndGlobalSection
	GlobalSection(NestedProjects) = preSolution
		{BB74E86D-A16B-409B-A857-0385EF34251E} = {CC25428A-4D74-4E02-B841-53D7F7472506}
		{C14D43C4-92D7-4F70-AFF8-9B7922988AD2} = {CC25428A-4D74-4E02-B841-53D7F7472506}
		{C81D0E46-3C8A-4A80-8D62-E1CB3107C748} = {BB74E86D-A16B-409B-A857-0385EF34251E}
		{FC29FA0D-D120-4534-84BC-EB99497B8B52} = {BB74E86D-A16B-409B-A857-0385EF34251E}
	EndGlobalSection
	GlobalSection(ExtensibilityGlobals) = postSolution
		SolutionGuid = {EBB8B2D2-1420-43A7-A303-FD26FA658ACD}
	EndGlobalSection
EndGlobal
