
Microsoft Visual Studio Solution File, Format Version 12.00
# Visual Studio Version 17
VisualStudioVersion = 17.5.001.0
MinimumVisualStudioVersion = 10.0.40219.1
Project("{9A19103F-16F7-4668-BE54-9A1E7A4F7556}") = "Otm.Server", "Otm.Server.csproj", "{1894860C-A05A-4D60-84DA-06AB8FF93EED}"
EndProject
Project("{FAE04EC0-301F-11D3-BF4B-00C04F79EFBC}") = "OTel", "..\OTel\OTel.csproj", "{F88C8B92-C81B-4C06-9DF6-D6463348A741}"
EndProject
Global
	GlobalSection(SolutionConfigurationPlatforms) = preSolution
		Debug|Any CPU = Debug|Any CPU
		Release|Any CPU = Release|Any CPU
	EndGlobalSection
	GlobalSection(ProjectConfigurationPlatforms) = postSolution
		{1894860C-A05A-4D60-84DA-06AB8FF93EED}.Debug|Any CPU.ActiveCfg = Debug|Any CPU
		{1894860C-A05A-4D60-84DA-06AB8FF93EED}.Debug|Any CPU.Build.0 = Debug|Any CPU
		{1894860C-A05A-4D60-84DA-06AB8FF93EED}.Release|Any CPU.ActiveCfg = Release|Any CPU
		{1894860C-A05A-4D60-84DA-06AB8FF93EED}.Release|Any CPU.Build.0 = Release|Any CPU
		{F88C8B92-C81B-4C06-9DF6-D6463348A741}.Debug|Any CPU.ActiveCfg = Debug|Any CPU
		{F88C8B92-C81B-4C06-9DF6-D6463348A741}.Debug|Any CPU.Build.0 = Debug|Any CPU
		{F88C8B92-C81B-4C06-9DF6-D6463348A741}.Release|Any CPU.ActiveCfg = Release|Any CPU
		{F88C8B92-C81B-4C06-9DF6-D6463348A741}.Release|Any CPU.Build.0 = Release|Any CPU
	EndGlobalSection
	GlobalSection(SolutionProperties) = preSolution
		HideSolutionNode = FALSE
	EndGlobalSection
	GlobalSection(ExtensibilityGlobals) = postSolution
		SolutionGuid = {32F0E983-0EB1-4D50-AB4B-37D787CE4751}
	EndGlobalSection
EndGlobal
